
Microsoft Visual Studio Solution File, Format Version 12.00
# Visual Studio 15
VisualStudioVersion = 15.0.28307.168
MinimumVisualStudioVersion = 10.0.40219.1
Project("{8BC9CEB8-8B4A-11D0-8D11-00A0C91BC942}") = "TwitchTV", "TwitchTV.vcxproj", "{B2EF30E5-3A42-4AB6-8C8E-72CD5449AF84}"
EndProject
Global
	GlobalSection(SolutionConfigurationPlatforms) = preSolution
		Debug|x64 = Debug|x64
		Debug|x86 = Debug|x86
		Release|x64 = Release|x64
		Release|x86 = Release|x86
	EndGlobalSection
	GlobalSection(ProjectConfigurationPlatforms) = postSolution
		{B2EF30E5-3A42-4AB6-8C8E-72CD5449AF84}.Debug|x64.ActiveCfg = Debug|x64
		{B2EF30E5-3A42-4AB6-8C8E-72CD5449AF84}.Debug|x64.Build.0 = Debug|x64
		{B2EF30E5-3A42-4AB6-8C8E-72CD5449AF84}.Debug|x86.ActiveCfg = Debug|Win32
		{B2EF30E5-3A42-4AB6-8C8E-72CD5449AF84}.Debug|x86.Build.0 = Debug|Win32
		{B2EF30E5-3A42-4AB6-8C8E-72CD5449AF84}.Release|x64.ActiveCfg = Release|x64
		{B2EF30E5-3A42-4AB6-8C8E-72CD5449AF84}.Release|x64.Build.0 = Release|x64
		{B2EF30E5-3A42-4AB6-8C8E-72CD5449AF84}.Release|x86.ActiveCfg = Release|Win32
		{B2EF30E5-3A42-4AB6-8C8E-72CD5449AF84}.Release|x86.Build.0 = Release|Win32
	EndGlobalSection
	GlobalSection(SolutionProperties) = preSolution
		HideSolutionNode = FALSE
	EndGlobalSection
	GlobalSection(ExtensibilityGlobals) = postSolution
		SolutionGuid = {405AC6E7-36B9-4E22-89A9-20B4BCEA02CE}
	EndGlobalSection
EndGlobal
